{
  "name": "floating-ui-wrapper",
  "version": "1.0.0",
  "lockfileVersion": 3,
  "requires": true,
  "packages": {
    "": {
      "name": "floating-ui-wrapper",
      "version": "1.0.0",
      "license": "MIT",
      "dependencies": {
        "@floating-ui/react": "^0.18.0",
        "react": "^18.2.0"
      }
    },
    "node_modules/@floating-ui/core": {
      "version": "1.1.0",
      "resolved": "https://registry.npmjs.org/@floating-ui/core/-/core-1.1.0.tgz",
      "integrity": "sha512-zbsLwtnHo84w1Kc8rScAo5GMk1GdecSlrflIbfnEBJwvTSj1SL6kkOYV+nHraMCPEy+RNZZUaZyL8JosDGCtGQ=="
    },
    "node_modules/@floating-ui/dom": {
      "version": "1.1.0",
      "resolved": "https://registry.npmjs.org/@floating-ui/dom/-/dom-1.1.0.tgz",
      "integrity": "sha512-TSogMPVxbRe77QCj1dt8NmRiJasPvuc+eT5jnJ6YpLqgOD2zXc5UA3S1qwybN+GVCDNdKfpKy1oj8RpzLJvh6A==",
      "dependencies": {
        "@floating-ui/core": "^1.0.5"
      }
    },
    "node_modules/@floating-ui/react": {
      "version": "0.18.0",
      "resolved": "https://registry.npmjs.org/@floating-ui/react/-/react-0.18.0.tgz",
      "integrity": "sha512-zxgwWigxaph1TIBdezCDdc3eo+4FUDKY2MiBR3gywZtx5Eeb0KBRRZ9PyzznTXuYO5Y9BFHAC0Yikqp7rr+oKQ==",
      "dependencies": {
        "@floating-ui/react-dom": "^1.2.1",
        "aria-hidden": "^1.1.3",
        "tabbable": "^6.0.1"
      },
      "peerDependencies": {
        "react": ">=16.8.0",
        "react-dom": ">=16.8.0"
      }
    },
    "node_modules/@floating-ui/react-dom": {
      "version": "1.2.1",
      "resolved": "https://registry.npmjs.org/@floating-ui/react-dom/-/react-dom-1.2.1.tgz",
      "integrity": "sha512-YCLlqibZtgUhxUpxkSp1oekvYgH/jI4KdZEJv85E62twlZHN43xdlQNe6JcF4ROD3/Zu6juNHN+aOygN+6yZjg==",
      "dependencies": {
        "@floating-ui/dom": "^1.1.0"
      },
      "peerDependencies": {
        "react": ">=16.8.0",
        "react-dom": ">=16.8.0"
      }
    },
    "node_modules/aria-hidden": {
      "version": "1.2.2",
      "resolved": "https://registry.npmjs.org/aria-hidden/-/aria-hidden-1.2.2.tgz",
      "integrity": "sha512-6y/ogyDTk/7YAe91T3E2PR1ALVKyM2QbTio5HwM+N1Q6CMlCKhvClyIjkckBswa0f2xJhjsfzIGa1yVSe1UMVA==",
      "dependencies": {
        "tslib": "^2.0.0"
      },
      "engines": {
        "node": ">=10"
      },
      "peerDependencies": {
        "@types/react": "^16.9.0 || ^17.0.0 || ^18.0.0",
        "react": "^16.9.0 || ^17.0.0 || ^18.0.0"
      },
      "peerDependenciesMeta": {
        "@types/react": {
          "optional": true
        }
      }
    },
    "node_modules/js-tokens": {
      "version": "4.0.0",
      "resolved": "https://registry.npmjs.org/js-tokens/-/js-tokens-4.0.0.tgz",
      "integrity": "sha512-RdJUflcE3cUzKiMqQgsCu06FPu9UdIJO0beYbPhHN4k6apgJtifcoCtT9bcxOpYBtpD2kCM6Sbzg4CausW/PKQ=="
    },
    "node_modules/loose-envify": {
      "version": "1.4.0",
      "resolved": "https://registry.npmjs.org/loose-envify/-/loose-envify-1.4.0.tgz",
      "integrity": "sha512-lyuxPGr/Wfhrlem2CL/UcnUc1zcqKAImBDzukY7Y5F/yQiNdko6+fRLevlw1HgMySw7f611UIY408EtxRSoK3Q==",
      "dependencies": {
        "js-tokens": "^3.0.0 || ^4.0.0"
      },
      "bin": {
        "loose-envify": "cli.js"
      }
    },
    "node_modules/react": {
      "version": "18.2.0",
      "resolved": "https://registry.npmjs.org/react/-/react-18.2.0.tgz",
      "integrity": "sha512-/3IjMdb2L9QbBdWiW5e3P2/npwMBaU9mHCSCUzNln0ZCYbcfTsGbTJrU/kGemdH2IWmB2ioZ+zkxtmq6g09fGQ==",
      "dependencies": {
        "loose-envify": "^1.1.0"
      },
      "engines": {
        "node": ">=0.10.0"
      }
    },
    "node_modules/tabbable": {
      "version": "6.0.1",
      "resolved": "https://registry.npmjs.org/tabbable/-/tabbable-6.0.1.tgz",
      "integrity": "sha512-SYJSIgeyXW7EuX1ytdneO5e8jip42oHWg9xl/o3oTYhmXusZVgiA+VlPvjIN+kHii9v90AmzTZEBcsEvuAY+TA=="
    },
    "node_modules/tslib": {
      "version": "2.4.1",
      "resolved": "https://registry.npmjs.org/tslib/-/tslib-2.4.1.tgz",
      "integrity": "sha512-tGyy4dAjRIEwI7BzsB0lynWgOpfqjUdq91XXAlIWD2OwKBH7oCl/GZG/HT4BOHrTlPMOASlMQ7veyTqpmRcrNA=="
    }
  }
}
